
Microsoft Visual Studio Solution File, Format Version 12.00
# Visual Studio 15
VisualStudioVersion = 15.0.26730.3
MinimumVisualStudioVersion = 10.0.40219.1
Project("{FAE04EC0-301F-11D3-BF4B-00C04F79EFBC}") = "Escc.Search.Google", "Escc.Search.Google\Escc.Search.Google.csproj", "{ABD98B1D-E382-4F91-B57E-3E51F83939BD}"
EndProject
Project("{2150E333-8FDC-42A3-9474-1A3956D46DE8}") = "Solution Items", "Solution Items", "{5CA03C3E-E413-4C94-8F30-9F0789A76075}"
	ProjectSection(SolutionItems) = preProject
		.gitignore = .gitignore
		LICENSE.md = LICENSE.md
		README.md = README.md
	EndProjectSection
EndProject
Project("{FAE04EC0-301F-11D3-BF4B-00C04F79EFBC}") = "Escc.Search.Google.Tests", "Escc.Search.Google.Tests\Escc.Search.Google.Tests.csproj", "{A4F9766C-BBA2-4AEF-A6B5-3B3D5D78999E}"
EndProject
Global
	GlobalSection(SolutionConfigurationPlatforms) = preSolution
		Debug|Any CPU = Debug|Any CPU
		Release|Any CPU = Release|Any CPU
	EndGlobalSection
	GlobalSection(ProjectConfigurationPlatforms) = postSolution
		{ABD98B1D-E382-4F91-B57E-3E51F83939BD}.Debug|Any CPU.ActiveCfg = Debug|Any CPU
		{ABD98B1D-E382-4F91-B57E-3E51F83939BD}.Debug|Any CPU.Build.0 = Debug|Any CPU
		{ABD98B1D-E382-4F91-B57E-3E51F83939BD}.Release|Any CPU.ActiveCfg = Release|Any CPU
		{ABD98B1D-E382-4F91-B57E-3E51F83939BD}.Release|Any CPU.Build.0 = Release|Any CPU
		{A4F9766C-BBA2-4AEF-A6B5-3B3D5D78999E}.Debug|Any CPU.ActiveCfg = Debug|Any CPU
		{A4F9766C-BBA2-4AEF-A6B5-3B3D5D78999E}.Debug|Any CPU.Build.0 = Debug|Any CPU
		{A4F9766C-BBA2-4AEF-A6B5-3B3D5D78999E}.Release|Any CPU.ActiveCfg = Release|Any CPU
		{A4F9766C-BBA2-4AEF-A6B5-3B3D5D78999E}.Release|Any CPU.Build.0 = Release|Any CPU
	EndGlobalSection
	GlobalSection(SolutionProperties) = preSolution
		HideSolutionNode = FALSE
	EndGlobalSection
	GlobalSection(ExtensibilityGlobals) = postSolution
		SolutionGuid = {D31C804A-14B3-42AF-8211-8F9394DE4F44}
	EndGlobalSection
EndGlobal
